// !$*UTF8*$!
{
	archiveVersion = 1;
	classes = {
	};
	objectVersion = 55;
	objects = {

/* Begin PBXBuildFile section */
		08A9F61128A5C6DC00FB6CAE /* ShowInvoiceViewController.swift in Sources */ = {isa = PBXBuildFile; fileRef = 08A9F61028A5C6DC00FB6CAE /* ShowInvoiceViewController.swift */; };
		08A9F61328A5D4F200FB6CAE /* WithdrawMoneyViewController.swift in Sources */ = {isa = PBXBuildFile; fileRef = 08A9F61228A5D4F200FB6CAE /* WithdrawMoneyViewController.swift */; };
		08B6867C28A08DBF001357B2 /* GoogleService-Info.plist in Resources */ = {isa = PBXBuildFile; fileRef = 08B6867B28A08DBF001357B2 /* GoogleService-Info.plist */; };
		08B6867E28A09014001357B2 /* RegisterViewController.swift in Sources */ = {isa = PBXBuildFile; fileRef = 08B6867D28A09014001357B2 /* RegisterViewController.swift */; };
		08B6868028A0B255001357B2 /* LoginViewController.swift in Sources */ = {isa = PBXBuildFile; fileRef = 08B6867F28A0B255001357B2 /* LoginViewController.swift */; };
		08B6868228A0B72D001357B2 /* DashboardViewController.swift in Sources */ = {isa = PBXBuildFile; fileRef = 08B6868128A0B72D001357B2 /* DashboardViewController.swift */; };
		08B6868428A0C1D2001357B2 /* SettingsViewController.swift in Sources */ = {isa = PBXBuildFile; fileRef = 08B6868328A0C1D2001357B2 /* SettingsViewController.swift */; };
		08B6868628A15A3E001357B2 /* DatabaseManager.swift in Sources */ = {isa = PBXBuildFile; fileRef = 08B6868528A15A3D001357B2 /* DatabaseManager.swift */; };
		08B6868928A15B8A001357B2 /* DatabaseModels.swift in Sources */ = {isa = PBXBuildFile; fileRef = 08B6868828A15B8A001357B2 /* DatabaseModels.swift */; };
		08B6868B28A1A7BF001357B2 /* TabBarViewController.swift in Sources */ = {isa = PBXBuildFile; fileRef = 08B6868A28A1A7BF001357B2 /* TabBarViewController.swift */; };
		08C98BB928A1F90200F0E4FF /* ServicesViewController.swift in Sources */ = {isa = PBXBuildFile; fileRef = 08C98BB828A1F90200F0E4FF /* ServicesViewController.swift */; };
		08C98BBC28A1F97300F0E4FF /* AddServiceViewController.swift in Sources */ = {isa = PBXBuildFile; fileRef = 08C98BBB28A1F97300F0E4FF /* AddServiceViewController.swift */; };
		08C98BBF28A2127300F0E4FF /* EditServiceViewController.swift in Sources */ = {isa = PBXBuildFile; fileRef = 08C98BBE28A2127300F0E4FF /* EditServiceViewController.swift */; };
		08C98BC228A2A87B00F0E4FF /* ConversationsViewController.swift in Sources */ = {isa = PBXBuildFile; fileRef = 08C98BC128A2A87B00F0E4FF /* ConversationsViewController.swift */; };
		08C98BC528A2ABAD00F0E4FF /* AddConversationViewController.swift in Sources */ = {isa = PBXBuildFile; fileRef = 08C98BC428A2ABAD00F0E4FF /* AddConversationViewController.swift */; };
		08F9C473288B1D6100D25296 /* AppDelegate.swift in Sources */ = {isa = PBXBuildFile; fileRef = 08F9C472288B1D6100D25296 /* AppDelegate.swift */; };
		08F9C475288B1D6100D25296 /* SceneDelegate.swift in Sources */ = {isa = PBXBuildFile; fileRef = 08F9C474288B1D6100D25296 /* SceneDelegate.swift */; };
		08F9C477288B1D6100D25296 /* ViewController.swift in Sources */ = {isa = PBXBuildFile; fileRef = 08F9C476288B1D6100D25296 /* ViewController.swift */; };
		08F9C47A288B1D6100D25296 /* Main.storyboard in Resources */ = {isa = PBXBuildFile; fileRef = 08F9C478288B1D6100D25296 /* Main.storyboard */; };
		08F9C47C288B1D6400D25296 /* Assets.xcassets in Resources */ = {isa = PBXBuildFile; fileRef = 08F9C47B288B1D6400D25296 /* Assets.xcassets */; };
		08F9C47F288B1D6400D25296 /* LaunchScreen.storyboard in Resources */ = {isa = PBXBuildFile; fileRef = 08F9C47D288B1D6400D25296 /* LaunchScreen.storyboard */; };
		08FF597F28A3E142007BA90C /* NewViewController.swift in Sources */ = {isa = PBXBuildFile; fileRef = 08FF597E28A3E142007BA90C /* NewViewController.swift */; };
		08FF598228A3E9CF007BA90C /* AppointmentsViewController.swift in Sources */ = {isa = PBXBuildFile; fileRef = 08FF598128A3E9CF007BA90C /* AppointmentsViewController.swift */; };
		08FF598428A3EA86007BA90C /* CreateAppointmentsViewController.swift in Sources */ = {isa = PBXBuildFile; fileRef = 08FF598328A3EA86007BA90C /* CreateAppointmentsViewController.swift */; };
		08FF598628A3F71E007BA90C /* ShowAppointmentViewController.swift in Sources */ = {isa = PBXBuildFile; fileRef = 08FF598528A3F71E007BA90C /* ShowAppointmentViewController.swift */; };
		08FF598828A3FD96007BA90C /* CancelConfirmationViewController.swift in Sources */ = {isa = PBXBuildFile; fileRef = 08FF598728A3FD96007BA90C /* CancelConfirmationViewController.swift */; };
		08FF598B28A400C2007BA90C /* InvoiceViewController.swift in Sources */ = {isa = PBXBuildFile; fileRef = 08FF598A28A400C2007BA90C /* InvoiceViewController.swift */; };
		08FF598D28A400F8007BA90C /* CreateInvoiceViewController.swift in Sources */ = {isa = PBXBuildFile; fileRef = 08FF598C28A400F8007BA90C /* CreateInvoiceViewController.swift */; };
		1B019439CD1D463CE8A10800 /* Pods_Bookd.framework in Frameworks */ = {isa = PBXBuildFile; fileRef = D5985EC6818FFB0F3C36A8B7 /* Pods_Bookd.framework */; };
/* End PBXBuildFile section */

/* Begin PBXFileReference section */
		08A9F61028A5C6DC00FB6CAE /* ShowInvoiceViewController.swift */ = {isa = PBXFileReference; lastKnownFileType = sourcecode.swift; path = ShowInvoiceViewController.swift; sourceTree = "<group>"; };
		08A9F61228A5D4F200FB6CAE /* WithdrawMoneyViewController.swift */ = {isa = PBXFileReference; lastKnownFileType = sourcecode.swift; path = WithdrawMoneyViewController.swift; sourceTree = "<group>"; };
		08B6867B28A08DBF001357B2 /* GoogleService-Info.plist */ = {isa = PBXFileReference; fileEncoding = 4; lastKnownFileType = text.plist.xml; path = "GoogleService-Info.plist"; sourceTree = "<group>"; };
		08B6867D28A09014001357B2 /* RegisterViewController.swift */ = {isa = PBXFileReference; lastKnownFileType = sourcecode.swift; path = RegisterViewController.swift; sourceTree = "<group>"; };
		08B6867F28A0B255001357B2 /* LoginViewController.swift */ = {isa = PBXFileReference; lastKnownFileType = sourcecode.swift; path = LoginViewController.swift; sourceTree = "<group>"; };
		08B6868128A0B72D001357B2 /* DashboardViewController.swift */ = {isa = PBXFileReference; lastKnownFileType = sourcecode.swift; path = DashboardViewController.swift; sourceTree = "<group>"; };
		08B6868328A0C1D2001357B2 /* SettingsViewController.swift */ = {isa = PBXFileReference; lastKnownFileType = sourcecode.swift; path = SettingsViewController.swift; sourceTree = "<group>"; };
		08B6868528A15A3D001357B2 /* DatabaseManager.swift */ = {isa = PBXFileReference; lastKnownFileType = sourcecode.swift; path = DatabaseManager.swift; sourceTree = "<group>"; };
		08B6868828A15B8A001357B2 /* DatabaseModels.swift */ = {isa = PBXFileReference; lastKnownFileType = sourcecode.swift; path = DatabaseModels.swift; sourceTree = "<group>"; };
		08B6868A28A1A7BF001357B2 /* TabBarViewController.swift */ = {isa = PBXFileReference; lastKnownFileType = sourcecode.swift; path = TabBarViewController.swift; sourceTree = "<group>"; };
		08C98BB828A1F90200F0E4FF /* ServicesViewController.swift */ = {isa = PBXFileReference; lastKnownFileType = sourcecode.swift; path = ServicesViewController.swift; sourceTree = "<group>"; };
		08C98BBB28A1F97300F0E4FF /* AddServiceViewController.swift */ = {isa = PBXFileReference; lastKnownFileType = sourcecode.swift; path = AddServiceViewController.swift; sourceTree = "<group>"; };
		08C98BBE28A2127300F0E4FF /* EditServiceViewController.swift */ = {isa = PBXFileReference; lastKnownFileType = sourcecode.swift; path = EditServiceViewController.swift; sourceTree = "<group>"; };
		08C98BC128A2A87B00F0E4FF /* ConversationsViewController.swift */ = {isa = PBXFileReference; lastKnownFileType = sourcecode.swift; path = ConversationsViewController.swift; sourceTree = "<group>"; };
		08C98BC428A2ABAD00F0E4FF /* AddConversationViewController.swift */ = {isa = PBXFileReference; lastKnownFileType = sourcecode.swift; path = AddConversationViewController.swift; sourceTree = "<group>"; };
		08F9C46F288B1D6100D25296 /* Bookd.app */ = {isa = PBXFileReference; explicitFileType = wrapper.application; includeInIndex = 0; path = Bookd.app; sourceTree = BUILT_PRODUCTS_DIR; };
		08F9C472288B1D6100D25296 /* AppDelegate.swift */ = {isa = PBXFileReference; lastKnownFileType = sourcecode.swift; path = AppDelegate.swift; sourceTree = "<group>"; };
		08F9C474288B1D6100D25296 /* SceneDelegate.swift */ = {isa = PBXFileReference; lastKnownFileType = sourcecode.swift; path = SceneDelegate.swift; sourceTree = "<group>"; };
		08F9C476288B1D6100D25296 /* ViewController.swift */ = {isa = PBXFileReference; lastKnownFileType = sourcecode.swift; path = ViewController.swift; sourceTree = "<group>"; };
		08F9C479288B1D6100D25296 /* Base */ = {isa = PBXFileReference; lastKnownFileType = file.storyboard; name = Base; path = Base.lproj/Main.storyboard; sourceTree = "<group>"; };
		08F9C47B288B1D6400D25296 /* Assets.xcassets */ = {isa = PBXFileReference; lastKnownFileType = folder.assetcatalog; path = Assets.xcassets; sourceTree = "<group>"; };
		08F9C47E288B1D6400D25296 /* Base */ = {isa = PBXFileReference; lastKnownFileType = file.storyboard; name = Base; path = Base.lproj/LaunchScreen.storyboard; sourceTree = "<group>"; };
		08F9C480288B1D6400D25296 /* Info.plist */ = {isa = PBXFileReference; lastKnownFileType = text.plist.xml; path = Info.plist; sourceTree = "<group>"; };
		08FF597E28A3E142007BA90C /* NewViewController.swift */ = {isa = PBXFileReference; lastKnownFileType = sourcecode.swift; path = NewViewController.swift; sourceTree = "<group>"; };
		08FF598128A3E9CF007BA90C /* AppointmentsViewController.swift */ = {isa = PBXFileReference; lastKnownFileType = sourcecode.swift; path = AppointmentsViewController.swift; sourceTree = "<group>"; };
		08FF598328A3EA86007BA90C /* CreateAppointmentsViewController.swift */ = {isa = PBXFileReference; lastKnownFileType = sourcecode.swift; path = CreateAppointmentsViewController.swift; sourceTree = "<group>"; };
		08FF598528A3F71E007BA90C /* ShowAppointmentViewController.swift */ = {isa = PBXFileReference; lastKnownFileType = sourcecode.swift; path = ShowAppointmentViewController.swift; sourceTree = "<group>"; };
		08FF598728A3FD96007BA90C /* CancelConfirmationViewController.swift */ = {isa = PBXFileReference; lastKnownFileType = sourcecode.swift; path = CancelConfirmationViewController.swift; sourceTree = "<group>"; };
		08FF598A28A400C2007BA90C /* InvoiceViewController.swift */ = {isa = PBXFileReference; lastKnownFileType = sourcecode.swift; path = InvoiceViewController.swift; sourceTree = "<group>"; };
		08FF598C28A400F8007BA90C /* CreateInvoiceViewController.swift */ = {isa = PBXFileReference; lastKnownFileType = sourcecode.swift; path = CreateInvoiceViewController.swift; sourceTree = "<group>"; };
		4BB49487B54513978E815F56 /* Pods-Bookd.debug.xcconfig */ = {isa = PBXFileReference; includeInIndex = 1; lastKnownFileType = text.xcconfig; name = "Pods-Bookd.debug.xcconfig"; path = "Target Support Files/Pods-Bookd/Pods-Bookd.debug.xcconfig"; sourceTree = "<group>"; };
		704CA2174A7F360E8D66A64F /* Pods-Bookd.release.xcconfig */ = {isa = PBXFileReference; includeInIndex = 1; lastKnownFileType = text.xcconfig; name = "Pods-Bookd.release.xcconfig"; path = "Target Support Files/Pods-Bookd/Pods-Bookd.release.xcconfig"; sourceTree = "<group>"; };
		D5985EC6818FFB0F3C36A8B7 /* Pods_Bookd.framework */ = {isa = PBXFileReference; explicitFileType = wrapper.framework; includeInIndex = 0; path = Pods_Bookd.framework; sourceTree = BUILT_PRODUCTS_DIR; };
/* End PBXFileReference section */

/* Begin PBXFrameworksBuildPhase section */
		08F9C46C288B1D6100D25296 /* Frameworks */ = {
			isa = PBXFrameworksBuildPhase;
			buildActionMask = 2147483647;
			files = (
				1B019439CD1D463CE8A10800 /* Pods_Bookd.framework in Frameworks */,
			);
			runOnlyForDeploymentPostprocessing = 0;
		};
/* End PBXFrameworksBuildPhase section */

/* Begin PBXGroup section */
		08B6868728A15B81001357B2 /* Models */ = {
			isa = PBXGroup;
			children = (
				08B6868828A15B8A001357B2 /* DatabaseModels.swift */,
			);
			path = Models;
			sourceTree = "<group>";
		};
		08C98BBA28A1F91700F0E4FF /* Tabs */ = {
			isa = PBXGroup;
			children = (
				08FF598928A400B6007BA90C /* InvoiceTab */,
				08FF598028A3E9BF007BA90C /* AppointmentsTab */,
				08C98BC028A223A100F0E4FF /* ConversationsTab */,
				08C98BBD28A1F97800F0E4FF /* ServicesTab */,
				08B6868328A0C1D2001357B2 /* SettingsViewController.swift */,
			);
			path = Tabs;
			sourceTree = "<group>";
		};
		08C98BBD28A1F97800F0E4FF /* ServicesTab */ = {
			isa = PBXGroup;
			children = (
				08C98BB828A1F90200F0E4FF /* ServicesViewController.swift */,
				08C98BBB28A1F97300F0E4FF /* AddServiceViewController.swift */,
				08C98BBE28A2127300F0E4FF /* EditServiceViewController.swift */,
			);
			path = ServicesTab;
			sourceTree = "<group>";
		};
		08C98BC028A223A100F0E4FF /* ConversationsTab */ = {
			isa = PBXGroup;
			children = (
				08C98BC128A2A87B00F0E4FF /* ConversationsViewController.swift */,
				08C98BC428A2ABAD00F0E4FF /* AddConversationViewController.swift */,
				08FF597E28A3E142007BA90C /* NewViewController.swift */,
			);
			path = ConversationsTab;
			sourceTree = "<group>";
		};
		08F9C466288B1D6100D25296 = {
			isa = PBXGroup;
			children = (
				08F9C471288B1D6100D25296 /* Bookd */,
				08F9C470288B1D6100D25296 /* Products */,
				4AAC57E83EA281029CCCBB16 /* Pods */,
				DC317C8F58317528FE621DF1 /* Frameworks */,
			);
			sourceTree = "<group>";
		};
		08F9C470288B1D6100D25296 /* Products */ = {
			isa = PBXGroup;
			children = (
				08F9C46F288B1D6100D25296 /* Bookd.app */,
			);
			name = Products;
			sourceTree = "<group>";
		};
		08F9C471288B1D6100D25296 /* Bookd */ = {
			isa = PBXGroup;
			children = (
				08B6867B28A08DBF001357B2 /* GoogleService-Info.plist */,
				08B6868728A15B81001357B2 /* Models */,
				08F9C488288B2F3000D25296 /* Controllers */,
				08F9C487288B2F2B00D25296 /* Views */,
				08F9C486288B2F2500D25296 /* Resources */,
				08F9C480288B1D6400D25296 /* Info.plist */,
			);
			path = Bookd;
			sourceTree = "<group>";
		};
		08F9C486288B2F2500D25296 /* Resources */ = {
			isa = PBXGroup;
			children = (
				08F9C472288B1D6100D25296 /* AppDelegate.swift */,
				08F9C474288B1D6100D25296 /* SceneDelegate.swift */,
				08F9C47B288B1D6400D25296 /* Assets.xcassets */,
				08B6868528A15A3D001357B2 /* DatabaseManager.swift */,
			);
			path = Resources;
			sourceTree = "<group>";
		};
		08F9C487288B2F2B00D25296 /* Views */ = {
			isa = PBXGroup;
			children = (
				08F9C47D288B1D6400D25296 /* LaunchScreen.storyboard */,
				08F9C478288B1D6100D25296 /* Main.storyboard */,
			);
			path = Views;
			sourceTree = "<group>";
		};
		08F9C488288B2F3000D25296 /* Controllers */ = {
			isa = PBXGroup;
			children = (
				08F9C476288B1D6100D25296 /* ViewController.swift */,
				08B6867D28A09014001357B2 /* RegisterViewController.swift */,
				08B6867F28A0B255001357B2 /* LoginViewController.swift */,
				08B6868128A0B72D001357B2 /* DashboardViewController.swift */,
				08C98BBA28A1F91700F0E4FF /* Tabs */,
				08B6868A28A1A7BF001357B2 /* TabBarViewController.swift */,
			);
			path = Controllers;
			sourceTree = "<group>";
		};
		08FF598028A3E9BF007BA90C /* AppointmentsTab */ = {
			isa = PBXGroup;
			children = (
				08FF598128A3E9CF007BA90C /* AppointmentsViewController.swift */,
				08FF598328A3EA86007BA90C /* CreateAppointmentsViewController.swift */,
				08FF598528A3F71E007BA90C /* ShowAppointmentViewController.swift */,
				08FF598728A3FD96007BA90C /* CancelConfirmationViewController.swift */,
			);
			path = AppointmentsTab;
			sourceTree = "<group>";
		};
		08FF598928A400B6007BA90C /* InvoiceTab */ = {
			isa = PBXGroup;
			children = (
				08FF598A28A400C2007BA90C /* InvoiceViewController.swift */,
				08FF598C28A400F8007BA90C /* CreateInvoiceViewController.swift */,
				08A9F61028A5C6DC00FB6CAE /* ShowInvoiceViewController.swift */,
				08A9F61228A5D4F200FB6CAE /* WithdrawMoneyViewController.swift */,
			);
			path = InvoiceTab;
			sourceTree = "<group>";
		};
		4AAC57E83EA281029CCCBB16 /* Pods */ = {
			isa = PBXGroup;
			children = (
				4BB49487B54513978E815F56 /* Pods-Bookd.debug.xcconfig */,
				704CA2174A7F360E8D66A64F /* Pods-Bookd.release.xcconfig */,
			);
			path = Pods;
			sourceTree = "<group>";
		};
		DC317C8F58317528FE621DF1 /* Frameworks */ = {
			isa = PBXGroup;
			children = (
				D5985EC6818FFB0F3C36A8B7 /* Pods_Bookd.framework */,
			);
			name = Frameworks;
			sourceTree = "<group>";
		};
/* End PBXGroup section */

/* Begin PBXNativeTarget section */
		08F9C46E288B1D6100D25296 /* Bookd */ = {
			isa = PBXNativeTarget;
			buildConfigurationList = 08F9C483288B1D6400D25296 /* Build configuration list for PBXNativeTarget "Bookd" */;
			buildPhases = (
				280E290343CC3B629222FE73 /* [CP] Check Pods Manifest.lock */,
				08F9C46B288B1D6100D25296 /* Sources */,
				08F9C46C288B1D6100D25296 /* Frameworks */,
				08F9C46D288B1D6100D25296 /* Resources */,
				5AF26F342A3CF7B33CA53D8F /* [CP] Embed Pods Frameworks */,
			);
			buildRules = (
			);
			dependencies = (
			);
			name = Bookd;
			productName = Bookd;
			productReference = 08F9C46F288B1D6100D25296 /* Bookd.app */;
			productType = "com.apple.product-type.application";
		};
/* End PBXNativeTarget section */

/* Begin PBXProject section */
		08F9C467288B1D6100D25296 /* Project object */ = {
			isa = PBXProject;
			attributes = {
				BuildIndependentTargetsInParallel = 1;
				LastSwiftUpdateCheck = 1340;
				LastUpgradeCheck = 1340;
				TargetAttributes = {
					08F9C46E288B1D6100D25296 = {
						CreatedOnToolsVersion = 13.4.1;
					};
				};
			};
			buildConfigurationList = 08F9C46A288B1D6100D25296 /* Build configuration list for PBXProject "Bookd" */;
			compatibilityVersion = "Xcode 13.0";
			developmentRegion = en;
			hasScannedForEncodings = 0;
			knownRegions = (
				en,
				Base,
			);
			mainGroup = 08F9C466288B1D6100D25296;
			productRefGroup = 08F9C470288B1D6100D25296 /* Products */;
			projectDirPath = "";
			projectRoot = "";
			targets = (
				08F9C46E288B1D6100D25296 /* Bookd */,
			);
		};
/* End PBXProject section */

/* Begin PBXResourcesBuildPhase section */
		08F9C46D288B1D6100D25296 /* Resources */ = {
			isa = PBXResourcesBuildPhase;
			buildActionMask = 2147483647;
			files = (
				08F9C47F288B1D6400D25296 /* LaunchScreen.storyboard in Resources */,
				08B6867C28A08DBF001357B2 /* GoogleService-Info.plist in Resources */,
				08F9C47C288B1D6400D25296 /* Assets.xcassets in Resources */,
				08F9C47A288B1D6100D25296 /* Main.storyboard in Resources */,
			);
			runOnlyForDeploymentPostprocessing = 0;
		};
/* End PBXResourcesBuildPhase section */

/* Begin PBXShellScriptBuildPhase section */
		280E290343CC3B629222FE73 /* [CP] Check Pods Manifest.lock */ = {
			isa = PBXShellScriptBuildPhase;
			buildActionMask = 2147483647;
			files = (
			);
			inputFileListPaths = (
			);
			inputPaths = (
				"${PODS_PODFILE_DIR_PATH}/Podfile.lock",
				"${PODS_ROOT}/Manifest.lock",
			);
			name = "[CP] Check Pods Manifest.lock";
			outputFileListPaths = (
			);
			outputPaths = (
				"$(DERIVED_FILE_DIR)/Pods-Bookd-checkManifestLockResult.txt",
			);
			runOnlyForDeploymentPostprocessing = 0;
			shellPath = /bin/sh;
			shellScript = "diff \"${PODS_PODFILE_DIR_PATH}/Podfile.lock\" \"${PODS_ROOT}/Manifest.lock\" > /dev/null\nif [ $? != 0 ] ; then\n    # print error to STDERR\n    echo \"error: The sandbox is not in sync with the Podfile.lock. Run 'pod install' or update your CocoaPods installation.\" >&2\n    exit 1\nfi\n# This output is used by Xcode 'outputs' to avoid re-running this script phase.\necho \"SUCCESS\" > \"${SCRIPT_OUTPUT_FILE_0}\"\n";
			showEnvVarsInLog = 0;
		};
		5AF26F342A3CF7B33CA53D8F /* [CP] Embed Pods Frameworks */ = {
			isa = PBXShellScriptBuildPhase;
			buildActionMask = 2147483647;
			files = (
			);
			inputFileListPaths = (
				"${PODS_ROOT}/Target Support Files/Pods-Bookd/Pods-Bookd-frameworks-${CONFIGURATION}-input-files.xcfilelist",
			);
			name = "[CP] Embed Pods Frameworks";
			outputFileListPaths = (
				"${PODS_ROOT}/Target Support Files/Pods-Bookd/Pods-Bookd-frameworks-${CONFIGURATION}-output-files.xcfilelist",
			);
			runOnlyForDeploymentPostprocessing = 0;
			shellPath = /bin/sh;
			shellScript = "\"${PODS_ROOT}/Target Support Files/Pods-Bookd/Pods-Bookd-frameworks.sh\"\n";
			showEnvVarsInLog = 0;
		};
/* End PBXShellScriptBuildPhase section */

/* Begin PBXSourcesBuildPhase section */
		08F9C46B288B1D6100D25296 /* Sources */ = {
			isa = PBXSourcesBuildPhase;
			buildActionMask = 2147483647;
			files = (
				08FF598D28A400F8007BA90C /* CreateInvoiceViewController.swift in Sources */,
				08B6868628A15A3E001357B2 /* DatabaseManager.swift in Sources */,
				08F9C477288B1D6100D25296 /* ViewController.swift in Sources */,
				08C98BBC28A1F97300F0E4FF /* AddServiceViewController.swift in Sources */,
				08C98BC528A2ABAD00F0E4FF /* AddConversationViewController.swift in Sources */,
				08B6868228A0B72D001357B2 /* DashboardViewController.swift in Sources */,
				08B6868428A0C1D2001357B2 /* SettingsViewController.swift in Sources */,
				08F9C473288B1D6100D25296 /* AppDelegate.swift in Sources */,
				08FF598828A3FD96007BA90C /* CancelConfirmationViewController.swift in Sources */,
				08FF598B28A400C2007BA90C /* InvoiceViewController.swift in Sources */,
				08F9C475288B1D6100D25296 /* SceneDelegate.swift in Sources */,
				08B6868028A0B255001357B2 /* LoginViewController.swift in Sources */,
				08B6868928A15B8A001357B2 /* DatabaseModels.swift in Sources */,
				08FF598428A3EA86007BA90C /* CreateAppointmentsViewController.swift in Sources */,
				08C98BC228A2A87B00F0E4FF /* ConversationsViewController.swift in Sources */,
				08A9F61328A5D4F200FB6CAE /* WithdrawMoneyViewController.swift in Sources */,
				08FF598628A3F71E007BA90C /* ShowAppointmentViewController.swift in Sources */,
				08A9F61128A5C6DC00FB6CAE /* ShowInvoiceViewController.swift in Sources */,
				08FF597F28A3E142007BA90C /* NewViewController.swift in Sources */,
				08C98BBF28A2127300F0E4FF /* EditServiceViewController.swift in Sources */,
				08FF598228A3E9CF007BA90C /* AppointmentsViewController.swift in Sources */,
				08B6868B28A1A7BF001357B2 /* TabBarViewController.swift in Sources */,
				08C98BB928A1F90200F0E4FF /* ServicesViewController.swift in Sources */,
				08B6867E28A09014001357B2 /* RegisterViewController.swift in Sources */,
			);
			runOnlyForDeploymentPostprocessing = 0;
		};
/* End PBXSourcesBuildPhase section */

/* Begin PBXVariantGroup section */
		08F9C478288B1D6100D25296 /* Main.storyboard */ = {
			isa = PBXVariantGroup;
			children = (
				08F9C479288B1D6100D25296 /* Base */,
			);
			name = Main.storyboard;
			sourceTree = "<group>";
		};
		08F9C47D288B1D6400D25296 /* LaunchScreen.storyboard */ = {
			isa = PBXVariantGroup;
			children = (
				08F9C47E288B1D6400D25296 /* Base */,
			);
			name = LaunchScreen.storyboard;
			sourceTree = "<group>";
		};
/* End PBXVariantGroup section */

/* Begin XCBuildConfiguration section */
		08F9C481288B1D6400D25296 /* Debug */ = {
			isa = XCBuildConfiguration;
			buildSettings = {
				ALWAYS_SEARCH_USER_PATHS = NO;
				CLANG_ANALYZER_NONNULL = YES;
				CLANG_ANALYZER_NUMBER_OBJECT_CONVERSION = YES_AGGRESSIVE;
				CLANG_CXX_LANGUAGE_STANDARD = "gnu++17";
				CLANG_ENABLE_MODULES = YES;
				CLANG_ENABLE_OBJC_ARC = YES;
				CLANG_ENABLE_OBJC_WEAK = YES;
				CLANG_WARN_BLOCK_CAPTURE_AUTORELEASING = YES;
				CLANG_WARN_BOOL_CONVERSION = YES;
				CLANG_WARN_COMMA = YES;
				CLANG_WARN_CONSTANT_CONVERSION = YES;
				CLANG_WARN_DEPRECATED_OBJC_IMPLEMENTATIONS = YES;
				CLANG_WARN_DIRECT_OBJC_ISA_USAGE = YES_ERROR;
				CLANG_WARN_DOCUMENTATION_COMMENTS = YES;
				CLANG_WARN_EMPTY_BODY = YES;
				CLANG_WARN_ENUM_CONVERSION = YES;
				CLANG_WARN_INFINITE_RECURSION = YES;
				CLANG_WARN_INT_CONVERSION = YES;
				CLANG_WARN_NON_LITERAL_NULL_CONVERSION = YES;
				CLANG_WARN_OBJC_IMPLICIT_RETAIN_SELF = YES;
				CLANG_WARN_OBJC_LITERAL_CONVERSION = YES;
				CLANG_WARN_OBJC_ROOT_CLASS = YES_ERROR;
				CLANG_WARN_QUOTED_INCLUDE_IN_FRAMEWORK_HEADER = YES;
				CLANG_WARN_RANGE_LOOP_ANALYSIS = YES;
				CLANG_WARN_STRICT_PROTOTYPES = YES;
				CLANG_WARN_SUSPICIOUS_MOVE = YES;
				CLANG_WARN_UNGUARDED_AVAILABILITY = YES_AGGRESSIVE;
				CLANG_WARN_UNREACHABLE_CODE = YES;
				CLANG_WARN__DUPLICATE_METHOD_MATCH = YES;
				COPY_PHASE_STRIP = NO;
				DEBUG_INFORMATION_FORMAT = dwarf;
				ENABLE_STRICT_OBJC_MSGSEND = YES;
				ENABLE_TESTABILITY = YES;
				GCC_C_LANGUAGE_STANDARD = gnu11;
				GCC_DYNAMIC_NO_PIC = NO;
				GCC_NO_COMMON_BLOCKS = YES;
				GCC_OPTIMIZATION_LEVEL = 0;
				GCC_PREPROCESSOR_DEFINITIONS = (
					"DEBUG=1",
					"$(inherited)",
				);
				GCC_WARN_64_TO_32_BIT_CONVERSION = YES;
				GCC_WARN_ABOUT_RETURN_TYPE = YES_ERROR;
				GCC_WARN_UNDECLARED_SELECTOR = YES;
				GCC_WARN_UNINITIALIZED_AUTOS = YES_AGGRESSIVE;
				GCC_WARN_UNUSED_FUNCTION = YES;
				GCC_WARN_UNUSED_VARIABLE = YES;
				IPHONEOS_DEPLOYMENT_TARGET = 15.5;
				MTL_ENABLE_DEBUG_INFO = INCLUDE_SOURCE;
				MTL_FAST_MATH = YES;
				ONLY_ACTIVE_ARCH = YES;
				SDKROOT = iphoneos;
				SWIFT_ACTIVE_COMPILATION_CONDITIONS = DEBUG;
				SWIFT_OPTIMIZATION_LEVEL = "-Onone";
			};
			name = Debug;
		};
		08F9C482288B1D6400D25296 /* Release */ = {
			isa = XCBuildConfiguration;
			buildSettings = {
				ALWAYS_SEARCH_USER_PATHS = NO;
				CLANG_ANALYZER_NONNULL = YES;
				CLANG_ANALYZER_NUMBER_OBJECT_CONVERSION = YES_AGGRESSIVE;
				CLANG_CXX_LANGUAGE_STANDARD = "gnu++17";
				CLANG_ENABLE_MODULES = YES;
				CLANG_ENABLE_OBJC_ARC = YES;
				CLANG_ENABLE_OBJC_WEAK = YES;
				CLANG_WARN_BLOCK_CAPTURE_AUTORELEASING = YES;
				CLANG_WARN_BOOL_CONVERSION = YES;
				CLANG_WARN_COMMA = YES;
				CLANG_WARN_CONSTANT_CONVERSION = YES;
				CLANG_WARN_DEPRECATED_OBJC_IMPLEMENTATIONS = YES;
				CLANG_WARN_DIRECT_OBJC_ISA_USAGE = YES_ERROR;
				CLANG_WARN_DOCUMENTATION_COMMENTS = YES;
				CLANG_WARN_EMPTY_BODY = YES;
				CLANG_WARN_ENUM_CONVERSION = YES;
				CLANG_WARN_INFINITE_RECURSION = YES;
				CLANG_WARN_INT_CONVERSION = YES;
				CLANG_WARN_NON_LITERAL_NULL_CONVERSION = YES;
				CLANG_WARN_OBJC_IMPLICIT_RETAIN_SELF = YES;
				CLANG_WARN_OBJC_LITERAL_CONVERSION = YES;
				CLANG_WARN_OBJC_ROOT_CLASS = YES_ERROR;
				CLANG_WARN_QUOTED_INCLUDE_IN_FRAMEWORK_HEADER = YES;
				CLANG_WARN_RANGE_LOOP_ANALYSIS = YES;
				CLANG_WARN_STRICT_PROTOTYPES = YES;
				CLANG_WARN_SUSPICIOUS_MOVE = YES;
				CLANG_WARN_UNGUARDED_AVAILABILITY = YES_AGGRESSIVE;
				CLANG_WARN_UNREACHABLE_CODE = YES;
				CLANG_WARN__DUPLICATE_METHOD_MATCH = YES;
				COPY_PHASE_STRIP = NO;
				DEBUG_INFORMATION_FORMAT = "dwarf-with-dsym";
				ENABLE_NS_ASSERTIONS = NO;
				ENABLE_STRICT_OBJC_MSGSEND = YES;
				GCC_C_LANGUAGE_STANDARD = gnu11;
				GCC_NO_COMMON_BLOCKS = YES;
				GCC_WARN_64_TO_32_BIT_CONVERSION = YES;
				GCC_WARN_ABOUT_RETURN_TYPE = YES_ERROR;
				GCC_WARN_UNDECLARED_SELECTOR = YES;
				GCC_WARN_UNINITIALIZED_AUTOS = YES_AGGRESSIVE;
				GCC_WARN_UNUSED_FUNCTION = YES;
				GCC_WARN_UNUSED_VARIABLE = YES;
				IPHONEOS_DEPLOYMENT_TARGET = 15.5;
				MTL_ENABLE_DEBUG_INFO = NO;
				MTL_FAST_MATH = YES;
				SDKROOT = iphoneos;
				SWIFT_COMPILATION_MODE = wholemodule;
				SWIFT_OPTIMIZATION_LEVEL = "-O";
				VALIDATE_PRODUCT = YES;
			};
			name = Release;
		};
		08F9C484288B1D6400D25296 /* Debug */ = {
			isa = XCBuildConfiguration;
			baseConfigurationReference = 4BB49487B54513978E815F56 /* Pods-Bookd.debug.xcconfig */;
			buildSettings = {
				ASSETCATALOG_COMPILER_APPICON_NAME = AppIcon;
				ASSETCATALOG_COMPILER_GLOBAL_ACCENT_COLOR_NAME = AccentColor;
				CODE_SIGN_STYLE = Automatic;
				CURRENT_PROJECT_VERSION = 1;
				DEVELOPMENT_TEAM = K7H9VU6C4M;
				GENERATE_INFOPLIST_FILE = YES;
				INFOPLIST_FILE = Bookd/Info.plist;
				INFOPLIST_KEY_UIApplicationSupportsIndirectInputEvents = YES;
				INFOPLIST_KEY_UILaunchStoryboardName = LaunchScreen;
				INFOPLIST_KEY_UIMainStoryboardFile = Main;
				INFOPLIST_KEY_UISupportedInterfaceOrientations_iPad = "UIInterfaceOrientationPortrait UIInterfaceOrientationPortraitUpsideDown UIInterfaceOrientationLandscapeLeft UIInterfaceOrientationLandscapeRight";
				INFOPLIST_KEY_UISupportedInterfaceOrientations_iPhone = "UIInterfaceOrientationPortrait UIInterfaceOrientationLandscapeLeft UIInterfaceOrientationLandscapeRight";
				LD_RUNPATH_SEARCH_PATHS = (
					"$(inherited)",
					"@executable_path/Frameworks",
				);
				MARKETING_VERSION = 1.0;
				PRODUCT_BUNDLE_IDENTIFIER = humber.Bookd;
				PRODUCT_NAME = "$(TARGET_NAME)";
				SWIFT_EMIT_LOC_STRINGS = YES;
				SWIFT_VERSION = 5.0;
				TARGETED_DEVICE_FAMILY = "1,2";
			};
			name = Debug;
		};
		08F9C485288B1D6400D25296 /* Release */ = {
			isa = XCBuildConfiguration;
			baseConfigurationReference = 704CA2174A7F360E8D66A64F /* Pods-Bookd.release.xcconfig */;
			buildSettings = {
				ASSETCATALOG_COMPILER_APPICON_NAME = AppIcon;
				ASSETCATALOG_COMPILER_GLOBAL_ACCENT_COLOR_NAME = AccentColor;
				CODE_SIGN_STYLE = Automatic;
				CURRENT_PROJECT_VERSION = 1;
				DEVELOPMENT_TEAM = K7H9VU6C4M;
				GENERATE_INFOPLIST_FILE = YES;
				INFOPLIST_FILE = Bookd/Info.plist;
				INFOPLIST_KEY_UIApplicationSupportsIndirectInputEvents = YES;
				INFOPLIST_KEY_UILaunchStoryboardName = LaunchScreen;
				INFOPLIST_KEY_UIMainStoryboardFile = Main;
				INFOPLIST_KEY_UISupportedInterfaceOrientations_iPad = "UIInterfaceOrientationPortrait UIInterfaceOrientationPortraitUpsideDown UIInterfaceOrientationLandscapeLeft UIInterfaceOrientationLandscapeRight";
				INFOPLIST_KEY_UISupportedInterfaceOrientations_iPhone = "UIInterfaceOrientationPortrait UIInterfaceOrientationLandscapeLeft UIInterfaceOrientationLandscapeRight";
				LD_RUNPATH_SEARCH_PATHS = (
					"$(inherited)",
					"@executable_path/Frameworks",
				);
				MARKETING_VERSION = 1.0;
				PRODUCT_BUNDLE_IDENTIFIER = humber.Bookd;
				PRODUCT_NAME = "$(TARGET_NAME)";
				SWIFT_EMIT_LOC_STRINGS = YES;
				SWIFT_VERSION = 5.0;
				TARGETED_DEVICE_FAMILY = "1,2";
			};
			name = Release;
		};
/* End XCBuildConfiguration section */

/* Begin XCConfigurationList section */
		08F9C46A288B1D6100D25296 /* Build configuration list for PBXProject "Bookd" */ = {
			isa = XCConfigurationList;
			buildConfigurations = (
				08F9C481288B1D6400D25296 /* Debug */,
				08F9C482288B1D6400D25296 /* Release */,
			);
			defaultConfigurationIsVisible = 0;
			defaultConfigurationName = Release;
		};
		08F9C483288B1D6400D25296 /* Build configuration list for PBXNativeTarget "Bookd" */ = {
			isa = XCConfigurationList;
			buildConfigurations = (
				08F9C484288B1D6400D25296 /* Debug */,
				08F9C485288B1D6400D25296 /* Release */,
			);
			defaultConfigurationIsVisible = 0;
			defaultConfigurationName = Release;
		};
/* End XCConfigurationList section */
	};
	rootObject = 08F9C467288B1D6100D25296 /* Project object */;
}
